
Microsoft Visual Studio Solution File, Format Version 12.00
# Visual Studio Version 16
VisualStudioVersion = 16.0.30406.217
MinimumVisualStudioVersion = 10.0.40219.1
Project("{9A19103F-16F7-4668-BE54-9A1E7A4F7556}") = "DeckOfCards", "DeckOfCards.csproj", "{8DE04B70-950E-4AF8-9FD4-DBE5B03E6DCA}"
EndProject
Global
	GlobalSection(SolutionConfigurationPlatforms) = preSolution
		Debug|Any CPU = Debug|Any CPU
		Release|Any CPU = Release|Any CPU
	EndGlobalSection
	GlobalSection(ProjectConfigurationPlatforms) = postSolution
		{8DE04B70-950E-4AF8-9FD4-DBE5B03E6DCA}.Debug|Any CPU.ActiveCfg = Debug|Any CPU
		{8DE04B70-950E-4AF8-9FD4-DBE5B03E6DCA}.Debug|Any CPU.Build.0 = Debug|Any CPU
		{8DE04B70-950E-4AF8-9FD4-DBE5B03E6DCA}.Release|Any CPU.ActiveCfg = Release|Any CPU
		{8DE04B70-950E-4AF8-9FD4-DBE5B03E6DCA}.Release|Any CPU.Build.0 = Release|Any CPU
	EndGlobalSection
	GlobalSection(SolutionProperties) = preSolution
		HideSolutionNode = FALSE
	EndGlobalSection
	GlobalSection(ExtensibilityGlobals) = postSolution
		SolutionGuid = {53F388D6-28E8-4931-914F-04652EABFCAC}
	EndGlobalSection
EndGlobal
